
Microsoft Visual Studio Solution File, Format Version 12.00
# Visual Studio Version 16
VisualStudioVersion = 16.0.31321.278
MinimumVisualStudioVersion = 10.0.40219.1
Project("{FAE04EC0-301F-11D3-BF4B-00C04F79EFBC}") = "SwordDamageFormula", "SwordDamageFormula\SwordDamageFormula.csproj", "{57EB33CC-DF7E-4307-9D71-5B68709B5493}"
EndProject
Global
	GlobalSection(SolutionConfigurationPlatforms) = preSolution
		Debug|Any CPU = Debug|Any CPU
		Release|Any CPU = Release|Any CPU
	EndGlobalSection
	GlobalSection(ProjectConfigurationPlatforms) = postSolution
		{57EB33CC-DF7E-4307-9D71-5B68709B5493}.Debug|Any CPU.ActiveCfg = Debug|Any CPU
		{57EB33CC-DF7E-4307-9D71-5B68709B5493}.Debug|Any CPU.Build.0 = Debug|Any CPU
		{57EB33CC-DF7E-4307-9D71-5B68709B5493}.Release|Any CPU.ActiveCfg = Release|Any CPU
		{57EB33CC-DF7E-4307-9D71-5B68709B5493}.Release|Any CPU.Build.0 = Release|Any CPU
	EndGlobalSection
	GlobalSection(SolutionProperties) = preSolution
		HideSolutionNode = FALSE
	EndGlobalSection
	GlobalSection(ExtensibilityGlobals) = postSolution
		SolutionGuid = {82287EE7-0400-4FD4-94F1-F35FE5E06E34}
	EndGlobalSection
EndGlobal
